// !$*UTF8*$!
{
	archiveVersion = 1;
	classes = {
	};
	objectVersion = 56;
	objects = {

/* Begin PBXBuildFile section */
		591E5A572C18D46A00B73DAC /* Router.swift in Sources */ = {isa = PBXBuildFile; fileRef = 591E5A562C18D46A00B73DAC /* Router.swift */; };
		599897F32C1A260800950A68 /* SuccessView.swift in Sources */ = {isa = PBXBuildFile; fileRef = 599897F22C1A260800950A68 /* SuccessView.swift */; };
		599897F72C1A272900950A68 /* FailureView.swift in Sources */ = {isa = PBXBuildFile; fileRef = 599897F62C1A272900950A68 /* FailureView.swift */; };
		599897F92C1A275A00950A68 /* UsersOnlineIntent.swift in Sources */ = {isa = PBXBuildFile; fileRef = 599897F82C1A275A00950A68 /* UsersOnlineIntent.swift */; };
		59AFB3072C1891A80071CE2B /* CustomTabView.swift in Sources */ = {isa = PBXBuildFile; fileRef = 59AFB3062C1891A80071CE2B /* CustomTabView.swift */; };
		59AFB30C2C189BBD0071CE2B /* CustomTabView_TabItem.swift in Sources */ = {isa = PBXBuildFile; fileRef = 59AFB30B2C189BBD0071CE2B /* CustomTabView_TabItem.swift */; };
		59E3EB862C220A3D00897E6D /* WidgetKit.framework in Frameworks */ = {isa = PBXBuildFile; fileRef = 59E3EB852C220A3D00897E6D /* WidgetKit.framework */; };
		59E3EB882C220A3D00897E6D /* SwiftUI.framework in Frameworks */ = {isa = PBXBuildFile; fileRef = 59E3EB872C220A3D00897E6D /* SwiftUI.framework */; };
		59E3EB8B2C220A3D00897E6D /* CoffeeCounterBundle.swift in Sources */ = {isa = PBXBuildFile; fileRef = 59E3EB8A2C220A3D00897E6D /* CoffeeCounterBundle.swift */; };
		59E3EB8D2C220A3D00897E6D /* CoffeeCounter.swift in Sources */ = {isa = PBXBuildFile; fileRef = 59E3EB8C2C220A3D00897E6D /* CoffeeCounter.swift */; };
		59E3EB8F2C220A3E00897E6D /* Assets.xcassets in Resources */ = {isa = PBXBuildFile; fileRef = 59E3EB8E2C220A3E00897E6D /* Assets.xcassets */; };
		59E3EB932C220A3E00897E6D /* CoffeeCounterExtension.appex in Embed Foundation Extensions */ = {isa = PBXBuildFile; fileRef = 59E3EB832C220A3D00897E6D /* CoffeeCounterExtension.appex */; settings = {ATTRIBUTES = (RemoveHeadersOnCopy, ); }; };
		59E3EB9F2C220B5800897E6D /* CoffeeSize.swift in Sources */ = {isa = PBXBuildFile; fileRef = 59E3EB9D2C220B2800897E6D /* CoffeeSize.swift */; };
		59E3EBA02C220B7A00897E6D /* IncreaseCoffeeIntent.swift in Sources */ = {isa = PBXBuildFile; fileRef = 59E3EB992C220ADE00897E6D /* IncreaseCoffeeIntent.swift */; };
		59E3EBA12C220B7E00897E6D /* ResetCoffeeIntent.swift in Sources */ = {isa = PBXBuildFile; fileRef = 59E3EB9B2C220AE900897E6D /* ResetCoffeeIntent.swift */; };
		59E3EBA22C220D9C00897E6D /* Extension+VStack.swift in Sources */ = {isa = PBXBuildFile; fileRef = 59F5A80D2C10C3F9009051FE /* Extension+VStack.swift */; };
		59E3EBA32C220D9E00897E6D /* Extension+HStack.swift in Sources */ = {isa = PBXBuildFile; fileRef = 59F5A80F2C10C418009051FE /* Extension+HStack.swift */; };
		59E3EBA72C22106900897E6D /* Extension+Double.swift in Sources */ = {isa = PBXBuildFile; fileRef = 59E3EBA52C22105E00897E6D /* Extension+Double.swift */; };
		59E3EBAE2C22D79200897E6D /* DataStorage.swift in Sources */ = {isa = PBXBuildFile; fileRef = 59E3EBAC2C22D71B00897E6D /* DataStorage.swift */; };
		59E3EBC52C22EBA400897E6D /* CoffeeCounter_SmallWidget.swift in Sources */ = {isa = PBXBuildFile; fileRef = 59E3EBC42C22EBA400897E6D /* CoffeeCounter_SmallWidget.swift */; };
		59E3EBC72C22EFBB00897E6D /* CoffeeCounter_MediumWidget.swift in Sources */ = {isa = PBXBuildFile; fileRef = 59E3EBC62C22EFBB00897E6D /* CoffeeCounter_MediumWidget.swift */; };
		59E579472C17265E00641B7A /* ContactDetailView_UserAvatar.swift in Sources */ = {isa = PBXBuildFile; fileRef = 59E579462C17265E00641B7A /* ContactDetailView_UserAvatar.swift */; };
		59E5794A2C173DC200641B7A /* Socials.swift in Sources */ = {isa = PBXBuildFile; fileRef = 59E579492C173DC200641B7A /* Socials.swift */; };
		59ED2D602C1E10B2007FC636 /* CustomSearchField.swift in Sources */ = {isa = PBXBuildFile; fileRef = 59ED2D5F2C1E10B2007FC636 /* CustomSearchField.swift */; };
		59F5A7F82C10C027009051FE /* WBChatApp.swift in Sources */ = {isa = PBXBuildFile; fileRef = 59F5A7F72C10C027009051FE /* WBChatApp.swift */; };
		59F5A7FA2C10C027009051FE /* OnboardingView.swift in Sources */ = {isa = PBXBuildFile; fileRef = 59F5A7F92C10C027009051FE /* OnboardingView.swift */; };
		59F5A7FC2C10C029009051FE /* Assets.xcassets in Resources */ = {isa = PBXBuildFile; fileRef = 59F5A7FB2C10C029009051FE /* Assets.xcassets */; };
		59F5A7FF2C10C029009051FE /* Preview Assets.xcassets in Resources */ = {isa = PBXBuildFile; fileRef = 59F5A7FE2C10C029009051FE /* Preview Assets.xcassets */; };
		59F5A8062C10C069009051FE /* OnboardingView_Sheet.swift in Sources */ = {isa = PBXBuildFile; fileRef = 59F5A8052C10C069009051FE /* OnboardingView_Sheet.swift */; };
		59F5A8092C10C082009051FE /* CapsuleButton.swift in Sources */ = {isa = PBXBuildFile; fileRef = 59F5A8082C10C082009051FE /* CapsuleButton.swift */; };
		59F5A80B2C10C08B009051FE /* ViewBackgroundColor.swift in Sources */ = {isa = PBXBuildFile; fileRef = 59F5A80A2C10C08B009051FE /* ViewBackgroundColor.swift */; };
		59F5A80E2C10C3F9009051FE /* Extension+VStack.swift in Sources */ = {isa = PBXBuildFile; fileRef = 59F5A80D2C10C3F9009051FE /* Extension+VStack.swift */; };
		59F5A8102C10C418009051FE /* Extension+HStack.swift in Sources */ = {isa = PBXBuildFile; fileRef = 59F5A80F2C10C418009051FE /* Extension+HStack.swift */; };
		59F5A8392C1367E0009051FE /* ContactsView.swift in Sources */ = {isa = PBXBuildFile; fileRef = 59F5A8382C1367E0009051FE /* ContactsView.swift */; };
		59F5A83B2C13682A009051FE /* ContactDetailView.swift in Sources */ = {isa = PBXBuildFile; fileRef = 59F5A83A2C13682A009051FE /* ContactDetailView.swift */; };
		59F5A8402C136E57009051FE /* Contact.swift in Sources */ = {isa = PBXBuildFile; fileRef = 59F5A83F2C136E57009051FE /* Contact.swift */; };
		59F5A8422C137450009051FE /* ContactsView_ContactRow.swift in Sources */ = {isa = PBXBuildFile; fileRef = 59F5A8412C137450009051FE /* ContactsView_ContactRow.swift */; };
		59F5A8442C137756009051FE /* ContactRow_UserAvatar.swift in Sources */ = {isa = PBXBuildFile; fileRef = 59F5A8432C137756009051FE /* ContactRow_UserAvatar.swift */; };
		59F5A85B2C14BB81009051FE /* Extension+String.swift in Sources */ = {isa = PBXBuildFile; fileRef = 59F5A85A2C14BB81009051FE /* Extension+String.swift */; };
/* End PBXBuildFile section */

/* Begin PBXContainerItemProxy section */
		59E3EB912C220A3E00897E6D /* PBXContainerItemProxy */ = {
			isa = PBXContainerItemProxy;
			containerPortal = 59F5A7EC2C10C027009051FE /* Project object */;
			proxyType = 1;
			remoteGlobalIDString = 59E3EB822C220A3D00897E6D;
			remoteInfo = CoffeeCounterExtension;
		};
/* End PBXContainerItemProxy section */

/* Begin PBXCopyFilesBuildPhase section */
		59E3EB942C220A3E00897E6D /* Embed Foundation Extensions */ = {
			isa = PBXCopyFilesBuildPhase;
			buildActionMask = 2147483647;
			dstPath = "";
			dstSubfolderSpec = 13;
			files = (
				59E3EB932C220A3E00897E6D /* CoffeeCounterExtension.appex in Embed Foundation Extensions */,
			);
			name = "Embed Foundation Extensions";
			runOnlyForDeploymentPostprocessing = 0;
		};
/* End PBXCopyFilesBuildPhase section */

/* Begin PBXFileReference section */
		591E5A562C18D46A00B73DAC /* Router.swift */ = {isa = PBXFileReference; lastKnownFileType = sourcecode.swift; path = Router.swift; sourceTree = "<group>"; };
		599897F22C1A260800950A68 /* SuccessView.swift */ = {isa = PBXFileReference; lastKnownFileType = sourcecode.swift; path = SuccessView.swift; sourceTree = "<group>"; };
		599897F62C1A272900950A68 /* FailureView.swift */ = {isa = PBXFileReference; lastKnownFileType = sourcecode.swift; path = FailureView.swift; sourceTree = "<group>"; };
		599897F82C1A275A00950A68 /* UsersOnlineIntent.swift */ = {isa = PBXFileReference; lastKnownFileType = sourcecode.swift; path = UsersOnlineIntent.swift; sourceTree = "<group>"; };
		59AFB3062C1891A80071CE2B /* CustomTabView.swift */ = {isa = PBXFileReference; lastKnownFileType = sourcecode.swift; path = CustomTabView.swift; sourceTree = "<group>"; };
		59AFB30B2C189BBD0071CE2B /* CustomTabView_TabItem.swift */ = {isa = PBXFileReference; lastKnownFileType = sourcecode.swift; path = CustomTabView_TabItem.swift; sourceTree = "<group>"; };
		59E3EB832C220A3D00897E6D /* CoffeeCounterExtension.appex */ = {isa = PBXFileReference; explicitFileType = "wrapper.app-extension"; includeInIndex = 0; path = CoffeeCounterExtension.appex; sourceTree = BUILT_PRODUCTS_DIR; };
		59E3EB852C220A3D00897E6D /* WidgetKit.framework */ = {isa = PBXFileReference; lastKnownFileType = wrapper.framework; name = WidgetKit.framework; path = System/Library/Frameworks/WidgetKit.framework; sourceTree = SDKROOT; };
		59E3EB872C220A3D00897E6D /* SwiftUI.framework */ = {isa = PBXFileReference; lastKnownFileType = wrapper.framework; name = SwiftUI.framework; path = System/Library/Frameworks/SwiftUI.framework; sourceTree = SDKROOT; };
		59E3EB8A2C220A3D00897E6D /* CoffeeCounterBundle.swift */ = {isa = PBXFileReference; lastKnownFileType = sourcecode.swift; path = CoffeeCounterBundle.swift; sourceTree = "<group>"; };
		59E3EB8C2C220A3D00897E6D /* CoffeeCounter.swift */ = {isa = PBXFileReference; lastKnownFileType = sourcecode.swift; path = CoffeeCounter.swift; sourceTree = "<group>"; };
		59E3EB8E2C220A3E00897E6D /* Assets.xcassets */ = {isa = PBXFileReference; lastKnownFileType = folder.assetcatalog; path = Assets.xcassets; sourceTree = "<group>"; };
		59E3EB902C220A3E00897E6D /* Info.plist */ = {isa = PBXFileReference; lastKnownFileType = text.plist.xml; path = Info.plist; sourceTree = "<group>"; };
		59E3EB992C220ADE00897E6D /* IncreaseCoffeeIntent.swift */ = {isa = PBXFileReference; lastKnownFileType = sourcecode.swift; path = IncreaseCoffeeIntent.swift; sourceTree = "<group>"; };
		59E3EB9B2C220AE900897E6D /* ResetCoffeeIntent.swift */ = {isa = PBXFileReference; lastKnownFileType = sourcecode.swift; path = ResetCoffeeIntent.swift; sourceTree = "<group>"; };
		59E3EB9D2C220B2800897E6D /* CoffeeSize.swift */ = {isa = PBXFileReference; lastKnownFileType = sourcecode.swift; path = CoffeeSize.swift; sourceTree = "<group>"; };
		59E3EBA52C22105E00897E6D /* Extension+Double.swift */ = {isa = PBXFileReference; lastKnownFileType = sourcecode.swift; path = "Extension+Double.swift"; sourceTree = "<group>"; };
		59E3EBAC2C22D71B00897E6D /* DataStorage.swift */ = {isa = PBXFileReference; lastKnownFileType = sourcecode.swift; path = DataStorage.swift; sourceTree = "<group>"; };
		59E3EBC42C22EBA400897E6D /* CoffeeCounter_SmallWidget.swift */ = {isa = PBXFileReference; lastKnownFileType = sourcecode.swift; path = CoffeeCounter_SmallWidget.swift; sourceTree = "<group>"; };
		59E3EBC62C22EFBB00897E6D /* CoffeeCounter_MediumWidget.swift */ = {isa = PBXFileReference; lastKnownFileType = sourcecode.swift; path = CoffeeCounter_MediumWidget.swift; sourceTree = "<group>"; };
		59E579462C17265E00641B7A /* ContactDetailView_UserAvatar.swift */ = {isa = PBXFileReference; lastKnownFileType = sourcecode.swift; path = ContactDetailView_UserAvatar.swift; sourceTree = "<group>"; };
		59E579492C173DC200641B7A /* Socials.swift */ = {isa = PBXFileReference; lastKnownFileType = sourcecode.swift; path = Socials.swift; sourceTree = "<group>"; };
		59ED2D5F2C1E10B2007FC636 /* CustomSearchField.swift */ = {isa = PBXFileReference; lastKnownFileType = sourcecode.swift; path = CustomSearchField.swift; sourceTree = "<group>"; };
		59F5A7F42C10C027009051FE /* WBChat.app */ = {isa = PBXFileReference; explicitFileType = wrapper.application; includeInIndex = 0; path = WBChat.app; sourceTree = BUILT_PRODUCTS_DIR; };
		59F5A7F72C10C027009051FE /* WBChatApp.swift */ = {isa = PBXFileReference; lastKnownFileType = sourcecode.swift; path = WBChatApp.swift; sourceTree = "<group>"; };
		59F5A7F92C10C027009051FE /* OnboardingView.swift */ = {isa = PBXFileReference; lastKnownFileType = sourcecode.swift; path = OnboardingView.swift; sourceTree = "<group>"; };
		59F5A7FB2C10C029009051FE /* Assets.xcassets */ = {isa = PBXFileReference; lastKnownFileType = folder.assetcatalog; path = Assets.xcassets; sourceTree = "<group>"; };
		59F5A7FE2C10C029009051FE /* Preview Assets.xcassets */ = {isa = PBXFileReference; lastKnownFileType = folder.assetcatalog; path = "Preview Assets.xcassets"; sourceTree = "<group>"; };
		59F5A8052C10C069009051FE /* OnboardingView_Sheet.swift */ = {isa = PBXFileReference; lastKnownFileType = sourcecode.swift; path = OnboardingView_Sheet.swift; sourceTree = "<group>"; };
		59F5A8082C10C082009051FE /* CapsuleButton.swift */ = {isa = PBXFileReference; lastKnownFileType = sourcecode.swift; path = CapsuleButton.swift; sourceTree = "<group>"; };
		59F5A80A2C10C08B009051FE /* ViewBackgroundColor.swift */ = {isa = PBXFileReference; lastKnownFileType = sourcecode.swift; path = ViewBackgroundColor.swift; sourceTree = "<group>"; };
		59F5A80D2C10C3F9009051FE /* Extension+VStack.swift */ = {isa = PBXFileReference; lastKnownFileType = sourcecode.swift; path = "Extension+VStack.swift"; sourceTree = "<group>"; };
		59F5A80F2C10C418009051FE /* Extension+HStack.swift */ = {isa = PBXFileReference; lastKnownFileType = sourcecode.swift; path = "Extension+HStack.swift"; sourceTree = "<group>"; };
		59F5A8382C1367E0009051FE /* ContactsView.swift */ = {isa = PBXFileReference; lastKnownFileType = sourcecode.swift; path = ContactsView.swift; sourceTree = "<group>"; };
		59F5A83A2C13682A009051FE /* ContactDetailView.swift */ = {isa = PBXFileReference; lastKnownFileType = sourcecode.swift; path = ContactDetailView.swift; sourceTree = "<group>"; };
		59F5A83F2C136E57009051FE /* Contact.swift */ = {isa = PBXFileReference; lastKnownFileType = sourcecode.swift; path = Contact.swift; sourceTree = "<group>"; };
		59F5A8412C137450009051FE /* ContactsView_ContactRow.swift */ = {isa = PBXFileReference; lastKnownFileType = sourcecode.swift; path = ContactsView_ContactRow.swift; sourceTree = "<group>"; };
		59F5A8432C137756009051FE /* ContactRow_UserAvatar.swift */ = {isa = PBXFileReference; lastKnownFileType = sourcecode.swift; path = ContactRow_UserAvatar.swift; sourceTree = "<group>"; };
		59F5A85A2C14BB81009051FE /* Extension+String.swift */ = {isa = PBXFileReference; lastKnownFileType = sourcecode.swift; path = "Extension+String.swift"; sourceTree = "<group>"; };
/* End PBXFileReference section */

/* Begin PBXFrameworksBuildPhase section */
		59E3EB802C220A3D00897E6D /* Frameworks */ = {
			isa = PBXFrameworksBuildPhase;
			buildActionMask = 2147483647;
			files = (
				59E3EB882C220A3D00897E6D /* SwiftUI.framework in Frameworks */,
				59E3EB862C220A3D00897E6D /* WidgetKit.framework in Frameworks */,
			);
			runOnlyForDeploymentPostprocessing = 0;
		};
		59F5A7F12C10C027009051FE /* Frameworks */ = {
			isa = PBXFrameworksBuildPhase;
			buildActionMask = 2147483647;
			files = (
			);
			runOnlyForDeploymentPostprocessing = 0;
		};
/* End PBXFrameworksBuildPhase section */

/* Begin PBXGroup section */
		591E5A552C18D45400B73DAC /* Service */ = {
			isa = PBXGroup;
			children = (
				591E5A562C18D46A00B73DAC /* Router.swift */,
			);
			path = Service;
			sourceTree = "<group>";
		};
		599897EE2C1A259200950A68 /* Intents */ = {
			isa = PBXGroup;
			children = (
				599897EF2C1A25A600950A68 /* UsersOnline */,
			);
			path = Intents;
			sourceTree = "<group>";
		};
		599897EF2C1A25A600950A68 /* UsersOnline */ = {
			isa = PBXGroup;
			children = (
				599897F22C1A260800950A68 /* SuccessView.swift */,
				599897F62C1A272900950A68 /* FailureView.swift */,
				599897F82C1A275A00950A68 /* UsersOnlineIntent.swift */,
			);
			path = UsersOnline;
			sourceTree = "<group>";
		};
		59AFB3052C1890E90071CE2B /* TabView */ = {
			isa = PBXGroup;
			children = (
				59AFB3062C1891A80071CE2B /* CustomTabView.swift */,
				59AFB30B2C189BBD0071CE2B /* CustomTabView_TabItem.swift */,
			);
			path = TabView;
			sourceTree = "<group>";
		};
		59E3EBC92C23146C00897E6D /* ДЗ№2-NavigationAndRouting */ = {
			isa = PBXGroup;
			children = (
				59AFB3052C1890E90071CE2B /* TabView */,
				59F5A8372C13671F009051FE /* ContactsFlow */,
				59E579482C173D8100641B7A /* ContactDetailsFlow */,
				59F5A83D2C136B60009051FE /* Models */,
				591E5A552C18D45400B73DAC /* Service */,
			);
			path = "ДЗ№2-NavigationAndRouting";
		};
		59E3EB842C220A3D00897E6D /* Frameworks */ = {
			isa = PBXGroup;
			children = (
				59E3EB852C220A3D00897E6D /* WidgetKit.framework */,
				59E3EB872C220A3D00897E6D /* SwiftUI.framework */,
			);
			name = Frameworks;
			sourceTree = "<group>";
		};
		59E3EB892C220A3D00897E6D /* CoffeeCounter */ = {
			isa = PBXGroup;
			children = (
				59E3EBC32C22EB9900897E6D /* Views */,
				59E3EB8A2C220A3D00897E6D /* CoffeeCounterBundle.swift */,
				59E3EB8C2C220A3D00897E6D /* CoffeeCounter.swift */,
				59E3EB9D2C220B2800897E6D /* CoffeeSize.swift */,
				59E3EBA42C22104800897E6D /* Extension */,
				59E3EB982C220AC500897E6D /* Intents */,
				59E3EBAB2C22D70200897E6D /* Services */,
				59E3EB8E2C220A3E00897E6D /* Assets.xcassets */,
				59E3EB902C220A3E00897E6D /* Info.plist */,
			);
			path = CoffeeCounter;
			sourceTree = "<group>";
		};
		59E3EB982C220AC500897E6D /* Intents */ = {
			isa = PBXGroup;
			children = (
				59E3EB992C220ADE00897E6D /* IncreaseCoffeeIntent.swift */,
				59E3EB9B2C220AE900897E6D /* ResetCoffeeIntent.swift */,
			);
			path = Intents;
			sourceTree = "<group>";
		};
		59E3EBA42C22104800897E6D /* Extension */ = {
			isa = PBXGroup;
			children = (
				59E3EBA52C22105E00897E6D /* Extension+Double.swift */,
			);
			path = Extension;
			sourceTree = "<group>";
		};
		59E3EBAB2C22D70200897E6D /* Services */ = {
			isa = PBXGroup;
			children = (
				59E3EBAC2C22D71B00897E6D /* DataStorage.swift */,
			);
			path = Services;
			sourceTree = "<group>";
		};
		59E3EBC32C22EB9900897E6D /* Views */ = {
			isa = PBXGroup;
			children = (
				59E3EBC42C22EBA400897E6D /* CoffeeCounter_SmallWidget.swift */,
				59E3EBC62C22EFBB00897E6D /* CoffeeCounter_MediumWidget.swift */,
			);
			path = Views;
			sourceTree = "<group>";
		};
		59E579482C173D8100641B7A /* ContactDetailsFlow */ = {
			isa = PBXGroup;
			children = (
				59F5A83A2C13682A009051FE /* ContactDetailView.swift */,
				59E579492C173DC200641B7A /* Socials.swift */,
				59E579462C17265E00641B7A /* ContactDetailView_UserAvatar.swift */,
			);
			path = ContactDetailsFlow;
			sourceTree = "<group>";
		};
		59F5A7EB2C10C027009051FE = {
			isa = PBXGroup;
			children = (
				59F5A7F62C10C027009051FE /* WBChat */,
				59E3EB892C220A3D00897E6D /* CoffeeCounter */,
				59E3EB842C220A3D00897E6D /* Frameworks */,
				59F5A7F52C10C027009051FE /* Products */,
			);
			sourceTree = "<group>";
		};
		59F5A7F52C10C027009051FE /* Products */ = {
			isa = PBXGroup;
			children = (
				59F5A7F42C10C027009051FE /* WBChat.app */,
				59E3EB832C220A3D00897E6D /* CoffeeCounterExtension.appex */,
			);
			name = Products;
			sourceTree = "<group>";
		};
		59F5A7F62C10C027009051FE /* WBChat */ = {
			isa = PBXGroup;
			children = (
				599897EE2C1A259200950A68 /* Intents */,
				59F5A7F72C10C027009051FE /* WBChatApp.swift */,
				59F5A8362C136711009051FE /* OnboardingFlow */,
				59E3EBC92C23146C00897E6D /* ДЗ№2-NavigationAndRouting */,
				59F5A8072C10C06E009051FE /* UIComponents */,
				59F5A80C2C10C3E5009051FE /* Extensions */,
				59F5A7FB2C10C029009051FE /* Assets.xcassets */,
				59F5A7FD2C10C029009051FE /* Preview Content */,
			);
			path = WBChat;
			sourceTree = "<group>";
		};
		59F5A7FD2C10C029009051FE /* Preview Content */ = {
			isa = PBXGroup;
			children = (
				59F5A7FE2C10C029009051FE /* Preview Assets.xcassets */,
			);
			path = "Preview Content";
			sourceTree = "<group>";
		};
		59F5A8072C10C06E009051FE /* UIComponents */ = {
			isa = PBXGroup;
			children = (
				59F5A8082C10C082009051FE /* CapsuleButton.swift */,
				59F5A80A2C10C08B009051FE /* ViewBackgroundColor.swift */,
				59ED2D5F2C1E10B2007FC636 /* CustomSearchField.swift */,
			);
			path = UIComponents;
			sourceTree = "<group>";
		};
		59F5A80C2C10C3E5009051FE /* Extensions */ = {
			isa = PBXGroup;
			children = (
				59F5A80D2C10C3F9009051FE /* Extension+VStack.swift */,
				59F5A80F2C10C418009051FE /* Extension+HStack.swift */,
				59F5A85A2C14BB81009051FE /* Extension+String.swift */,
			);
			path = Extensions;
			sourceTree = "<group>";
		};
		59F5A8362C136711009051FE /* OnboardingFlow */ = {
			isa = PBXGroup;
			children = (
				59F5A7F92C10C027009051FE /* OnboardingView.swift */,
				59F5A8052C10C069009051FE /* OnboardingView_Sheet.swift */,
			);
			path = OnboardingFlow;
			sourceTree = "<group>";
		};
		59F5A8372C13671F009051FE /* ContactsFlow */ = {
			isa = PBXGroup;
			children = (
				59F5A8382C1367E0009051FE /* ContactsView.swift */,
				59F5A8412C137450009051FE /* ContactsView_ContactRow.swift */,
				59F5A8432C137756009051FE /* ContactRow_UserAvatar.swift */,
			);
			path = ContactsFlow;
			sourceTree = "<group>";
		};
		59F5A83D2C136B60009051FE /* Models */ = {
			isa = PBXGroup;
			children = (
				59F5A83F2C136E57009051FE /* Contact.swift */,
			);
			path = Models;
			sourceTree = "<group>";
		};
/* End PBXGroup section */

/* Begin PBXNativeTarget section */
		59E3EB822C220A3D00897E6D /* CoffeeCounterExtension */ = {
			isa = PBXNativeTarget;
			buildConfigurationList = 59E3EB972C220A3E00897E6D /* Build configuration list for PBXNativeTarget "CoffeeCounterExtension" */;
			buildPhases = (
				59E3EB7F2C220A3D00897E6D /* Sources */,
				59E3EB802C220A3D00897E6D /* Frameworks */,
				59E3EB812C220A3D00897E6D /* Resources */,
			);
			buildRules = (
			);
			dependencies = (
			);
			name = CoffeeCounterExtension;
			productName = CoffeeCounterExtension;
			productReference = 59E3EB832C220A3D00897E6D /* CoffeeCounterExtension.appex */;
			productType = "com.apple.product-type.app-extension";
		};
		59F5A7F32C10C027009051FE /* WBChat */ = {
			isa = PBXNativeTarget;
			buildConfigurationList = 59F5A8022C10C029009051FE /* Build configuration list for PBXNativeTarget "WBChat" */;
			buildPhases = (
				59F5A7F02C10C027009051FE /* Sources */,
				59F5A7F12C10C027009051FE /* Frameworks */,
				59F5A7F22C10C027009051FE /* Resources */,
				59E3EB942C220A3E00897E6D /* Embed Foundation Extensions */,
			);
			buildRules = (
			);
			dependencies = (
				59E3EB922C220A3E00897E6D /* PBXTargetDependency */,
			);
			name = WBChat;
			productName = WBChat;
			productReference = 59F5A7F42C10C027009051FE /* WBChat.app */;
			productType = "com.apple.product-type.application";
		};
/* End PBXNativeTarget section */

/* Begin PBXProject section */
		59F5A7EC2C10C027009051FE /* Project object */ = {
			isa = PBXProject;
			attributes = {
				BuildIndependentTargetsInParallel = 1;
				LastSwiftUpdateCheck = 1530;
				LastUpgradeCheck = 1530;
				TargetAttributes = {
					59E3EB822C220A3D00897E6D = {
						CreatedOnToolsVersion = 15.3;
					};
					59F5A7F32C10C027009051FE = {
						CreatedOnToolsVersion = 15.3;
					};
				};
			};
			buildConfigurationList = 59F5A7EF2C10C027009051FE /* Build configuration list for PBXProject "WBChat" */;
			compatibilityVersion = "Xcode 14.0";
			developmentRegion = en;
			hasScannedForEncodings = 0;
			knownRegions = (
				en,
				Base,
			);
			mainGroup = 59F5A7EB2C10C027009051FE;
			productRefGroup = 59F5A7F52C10C027009051FE /* Products */;
			projectDirPath = "";
			projectRoot = "";
			targets = (
				59F5A7F32C10C027009051FE /* WBChat */,
				59E3EB822C220A3D00897E6D /* CoffeeCounterExtension */,
			);
		};
/* End PBXProject section */

/* Begin PBXResourcesBuildPhase section */
		59E3EB812C220A3D00897E6D /* Resources */ = {
			isa = PBXResourcesBuildPhase;
			buildActionMask = 2147483647;
			files = (
				59E3EB8F2C220A3E00897E6D /* Assets.xcassets in Resources */,
			);
			runOnlyForDeploymentPostprocessing = 0;
		};
		59F5A7F22C10C027009051FE /* Resources */ = {
			isa = PBXResourcesBuildPhase;
			buildActionMask = 2147483647;
			files = (
				59F5A7FF2C10C029009051FE /* Preview Assets.xcassets in Resources */,
				59F5A7FC2C10C029009051FE /* Assets.xcassets in Resources */,
			);
			runOnlyForDeploymentPostprocessing = 0;
		};
/* End PBXResourcesBuildPhase section */

/* Begin PBXSourcesBuildPhase section */
		59E3EB7F2C220A3D00897E6D /* Sources */ = {
			isa = PBXSourcesBuildPhase;
			buildActionMask = 2147483647;
			files = (
				59E3EBA72C22106900897E6D /* Extension+Double.swift in Sources */,
				59E3EB8D2C220A3D00897E6D /* CoffeeCounter.swift in Sources */,
				59E3EBC72C22EFBB00897E6D /* CoffeeCounter_MediumWidget.swift in Sources */,
				59E3EBA02C220B7A00897E6D /* IncreaseCoffeeIntent.swift in Sources */,
				59E3EBAE2C22D79200897E6D /* DataStorage.swift in Sources */,
				59E3EBC52C22EBA400897E6D /* CoffeeCounter_SmallWidget.swift in Sources */,
				59E3EBA32C220D9E00897E6D /* Extension+HStack.swift in Sources */,
				59E3EBA12C220B7E00897E6D /* ResetCoffeeIntent.swift in Sources */,
				59E3EB8B2C220A3D00897E6D /* CoffeeCounterBundle.swift in Sources */,
				59E3EB9F2C220B5800897E6D /* CoffeeSize.swift in Sources */,
				59E3EBA22C220D9C00897E6D /* Extension+VStack.swift in Sources */,
			);
			runOnlyForDeploymentPostprocessing = 0;
		};
		59F5A7F02C10C027009051FE /* Sources */ = {
			isa = PBXSourcesBuildPhase;
			buildActionMask = 2147483647;
			files = (
				59F5A85B2C14BB81009051FE /* Extension+String.swift in Sources */,
				59F5A7FA2C10C027009051FE /* OnboardingView.swift in Sources */,
				59AFB30C2C189BBD0071CE2B /* CustomTabView_TabItem.swift in Sources */,
				59F5A80B2C10C08B009051FE /* ViewBackgroundColor.swift in Sources */,
				59F5A8402C136E57009051FE /* Contact.swift in Sources */,
				59E579472C17265E00641B7A /* ContactDetailView_UserAvatar.swift in Sources */,
				591E5A572C18D46A00B73DAC /* Router.swift in Sources */,
				59ED2D602C1E10B2007FC636 /* CustomSearchField.swift in Sources */,
				59F5A8442C137756009051FE /* ContactRow_UserAvatar.swift in Sources */,
				59F5A8102C10C418009051FE /* Extension+HStack.swift in Sources */,
				599897F72C1A272900950A68 /* FailureView.swift in Sources */,
				59F5A8062C10C069009051FE /* OnboardingView_Sheet.swift in Sources */,
				59F5A7F82C10C027009051FE /* WBChatApp.swift in Sources */,
				59F5A83B2C13682A009051FE /* ContactDetailView.swift in Sources */,
				59F5A8092C10C082009051FE /* CapsuleButton.swift in Sources */,
				59AFB3072C1891A80071CE2B /* CustomTabView.swift in Sources */,
				59F5A8422C137450009051FE /* ContactsView_ContactRow.swift in Sources */,
				59E5794A2C173DC200641B7A /* Socials.swift in Sources */,
				599897F92C1A275A00950A68 /* UsersOnlineIntent.swift in Sources */,
				59F5A80E2C10C3F9009051FE /* Extension+VStack.swift in Sources */,
				599897F32C1A260800950A68 /* SuccessView.swift in Sources */,
				59F5A8392C1367E0009051FE /* ContactsView.swift in Sources */,
			);
			runOnlyForDeploymentPostprocessing = 0;
		};
/* End PBXSourcesBuildPhase section */

/* Begin PBXTargetDependency section */
		59E3EB922C220A3E00897E6D /* PBXTargetDependency */ = {
			isa = PBXTargetDependency;
			target = 59E3EB822C220A3D00897E6D /* CoffeeCounterExtension */;
			targetProxy = 59E3EB912C220A3E00897E6D /* PBXContainerItemProxy */;
		};
/* End PBXTargetDependency section */

/* Begin XCBuildConfiguration section */
		59E3EB952C220A3E00897E6D /* Debug */ = {
			isa = XCBuildConfiguration;
			buildSettings = {
				ASSETCATALOG_COMPILER_GLOBAL_ACCENT_COLOR_NAME = AccentColor;
				ASSETCATALOG_COMPILER_WIDGET_BACKGROUND_COLOR_NAME = WidgetBackground;
				CODE_SIGN_STYLE = Automatic;
				CURRENT_PROJECT_VERSION = 1;
				DEVELOPMENT_TEAM = MG7VG49PJM;
				GENERATE_INFOPLIST_FILE = YES;
				INFOPLIST_FILE = CoffeeCounter/Info.plist;
				INFOPLIST_KEY_CFBundleDisplayName = CoffeeCounter;
				INFOPLIST_KEY_NSHumanReadableCopyright = "";
				LD_RUNPATH_SEARCH_PATHS = (
					"$(inherited)",
					"@executable_path/Frameworks",
					"@executable_path/../../Frameworks",
				);
				MARKETING_VERSION = 1.0;
				PRODUCT_BUNDLE_IDENTIFIER = com.qqew.WBChat.CoffeeCounter;
				PRODUCT_NAME = "$(TARGET_NAME)";
				SKIP_INSTALL = YES;
				SWIFT_EMIT_LOC_STRINGS = YES;
				SWIFT_VERSION = 5.0;
				TARGETED_DEVICE_FAMILY = "1,2";
			};
			name = Debug;
		};
		59E3EB962C220A3E00897E6D /* Release */ = {
			isa = XCBuildConfiguration;
			buildSettings = {
				ASSETCATALOG_COMPILER_GLOBAL_ACCENT_COLOR_NAME = AccentColor;
				ASSETCATALOG_COMPILER_WIDGET_BACKGROUND_COLOR_NAME = WidgetBackground;
				CODE_SIGN_STYLE = Automatic;
				CURRENT_PROJECT_VERSION = 1;
				DEVELOPMENT_TEAM = MG7VG49PJM;
				GENERATE_INFOPLIST_FILE = YES;
				INFOPLIST_FILE = CoffeeCounter/Info.plist;
				INFOPLIST_KEY_CFBundleDisplayName = CoffeeCounter;
				INFOPLIST_KEY_NSHumanReadableCopyright = "";
				LD_RUNPATH_SEARCH_PATHS = (
					"$(inherited)",
					"@executable_path/Frameworks",
					"@executable_path/../../Frameworks",
				);
				MARKETING_VERSION = 1.0;
				PRODUCT_BUNDLE_IDENTIFIER = com.qqew.WBChat.CoffeeCounter;
				PRODUCT_NAME = "$(TARGET_NAME)";
				SKIP_INSTALL = YES;
				SWIFT_EMIT_LOC_STRINGS = YES;
				SWIFT_VERSION = 5.0;
				TARGETED_DEVICE_FAMILY = "1,2";
			};
			name = Release;
		};
		59F5A8002C10C029009051FE /* Debug */ = {
			isa = XCBuildConfiguration;
			buildSettings = {
				ALWAYS_SEARCH_USER_PATHS = NO;
				ASSETCATALOG_COMPILER_GENERATE_SWIFT_ASSET_SYMBOL_EXTENSIONS = YES;
				CLANG_ANALYZER_NONNULL = YES;
				CLANG_ANALYZER_NUMBER_OBJECT_CONVERSION = YES_AGGRESSIVE;
				CLANG_CXX_LANGUAGE_STANDARD = "gnu++20";
				CLANG_ENABLE_MODULES = YES;
				CLANG_ENABLE_OBJC_ARC = YES;
				CLANG_ENABLE_OBJC_WEAK = YES;
				CLANG_WARN_BLOCK_CAPTURE_AUTORELEASING = YES;
				CLANG_WARN_BOOL_CONVERSION = YES;
				CLANG_WARN_COMMA = YES;
				CLANG_WARN_CONSTANT_CONVERSION = YES;
				CLANG_WARN_DEPRECATED_OBJC_IMPLEMENTATIONS = YES;
				CLANG_WARN_DIRECT_OBJC_ISA_USAGE = YES_ERROR;
				CLANG_WARN_DOCUMENTATION_COMMENTS = YES;
				CLANG_WARN_EMPTY_BODY = YES;
				CLANG_WARN_ENUM_CONVERSION = YES;
				CLANG_WARN_INFINITE_RECURSION = YES;
				CLANG_WARN_INT_CONVERSION = YES;
				CLANG_WARN_NON_LITERAL_NULL_CONVERSION = YES;
				CLANG_WARN_OBJC_IMPLICIT_RETAIN_SELF = YES;
				CLANG_WARN_OBJC_LITERAL_CONVERSION = YES;
				CLANG_WARN_OBJC_ROOT_CLASS = YES_ERROR;
				CLANG_WARN_QUOTED_INCLUDE_IN_FRAMEWORK_HEADER = YES;
				CLANG_WARN_RANGE_LOOP_ANALYSIS = YES;
				CLANG_WARN_STRICT_PROTOTYPES = YES;
				CLANG_WARN_SUSPICIOUS_MOVE = YES;
				CLANG_WARN_UNGUARDED_AVAILABILITY = YES_AGGRESSIVE;
				CLANG_WARN_UNREACHABLE_CODE = YES;
				CLANG_WARN__DUPLICATE_METHOD_MATCH = YES;
				COPY_PHASE_STRIP = NO;
				DEBUG_INFORMATION_FORMAT = dwarf;
				ENABLE_STRICT_OBJC_MSGSEND = YES;
				ENABLE_TESTABILITY = YES;
				ENABLE_USER_SCRIPT_SANDBOXING = YES;
				GCC_C_LANGUAGE_STANDARD = gnu17;
				GCC_DYNAMIC_NO_PIC = NO;
				GCC_NO_COMMON_BLOCKS = YES;
				GCC_OPTIMIZATION_LEVEL = 0;
				GCC_PREPROCESSOR_DEFINITIONS = (
					"DEBUG=1",
					"$(inherited)",
				);
				GCC_WARN_64_TO_32_BIT_CONVERSION = YES;
				GCC_WARN_ABOUT_RETURN_TYPE = YES_ERROR;
				GCC_WARN_UNDECLARED_SELECTOR = YES;
				GCC_WARN_UNINITIALIZED_AUTOS = YES_AGGRESSIVE;
				GCC_WARN_UNUSED_FUNCTION = YES;
				GCC_WARN_UNUSED_VARIABLE = YES;
				IPHONEOS_DEPLOYMENT_TARGET = 17.4;
				LOCALIZATION_PREFERS_STRING_CATALOGS = YES;
				MTL_ENABLE_DEBUG_INFO = INCLUDE_SOURCE;
				MTL_FAST_MATH = YES;
				ONLY_ACTIVE_ARCH = YES;
				SDKROOT = iphoneos;
				SWIFT_ACTIVE_COMPILATION_CONDITIONS = "DEBUG $(inherited)";
				SWIFT_OPTIMIZATION_LEVEL = "-Onone";
			};
			name = Debug;
		};
		59F5A8012C10C029009051FE /* Release */ = {
			isa = XCBuildConfiguration;
			buildSettings = {
				ALWAYS_SEARCH_USER_PATHS = NO;
				ASSETCATALOG_COMPILER_GENERATE_SWIFT_ASSET_SYMBOL_EXTENSIONS = YES;
				CLANG_ANALYZER_NONNULL = YES;
				CLANG_ANALYZER_NUMBER_OBJECT_CONVERSION = YES_AGGRESSIVE;
				CLANG_CXX_LANGUAGE_STANDARD = "gnu++20";
				CLANG_ENABLE_MODULES = YES;
				CLANG_ENABLE_OBJC_ARC = YES;
				CLANG_ENABLE_OBJC_WEAK = YES;
				CLANG_WARN_BLOCK_CAPTURE_AUTORELEASING = YES;
				CLANG_WARN_BOOL_CONVERSION = YES;
				CLANG_WARN_COMMA = YES;
				CLANG_WARN_CONSTANT_CONVERSION = YES;
				CLANG_WARN_DEPRECATED_OBJC_IMPLEMENTATIONS = YES;
				CLANG_WARN_DIRECT_OBJC_ISA_USAGE = YES_ERROR;
				CLANG_WARN_DOCUMENTATION_COMMENTS = YES;
				CLANG_WARN_EMPTY_BODY = YES;
				CLANG_WARN_ENUM_CONVERSION = YES;
				CLANG_WARN_INFINITE_RECURSION = YES;
				CLANG_WARN_INT_CONVERSION = YES;
				CLANG_WARN_NON_LITERAL_NULL_CONVERSION = YES;
				CLANG_WARN_OBJC_IMPLICIT_RETAIN_SELF = YES;
				CLANG_WARN_OBJC_LITERAL_CONVERSION = YES;
				CLANG_WARN_OBJC_ROOT_CLASS = YES_ERROR;
				CLANG_WARN_QUOTED_INCLUDE_IN_FRAMEWORK_HEADER = YES;
				CLANG_WARN_RANGE_LOOP_ANALYSIS = YES;
				CLANG_WARN_STRICT_PROTOTYPES = YES;
				CLANG_WARN_SUSPICIOUS_MOVE = YES;
				CLANG_WARN_UNGUARDED_AVAILABILITY = YES_AGGRESSIVE;
				CLANG_WARN_UNREACHABLE_CODE = YES;
				CLANG_WARN__DUPLICATE_METHOD_MATCH = YES;
				COPY_PHASE_STRIP = NO;
				DEBUG_INFORMATION_FORMAT = "dwarf-with-dsym";
				ENABLE_NS_ASSERTIONS = NO;
				ENABLE_STRICT_OBJC_MSGSEND = YES;
				ENABLE_USER_SCRIPT_SANDBOXING = YES;
				GCC_C_LANGUAGE_STANDARD = gnu17;
				GCC_NO_COMMON_BLOCKS = YES;
				GCC_WARN_64_TO_32_BIT_CONVERSION = YES;
				GCC_WARN_ABOUT_RETURN_TYPE = YES_ERROR;
				GCC_WARN_UNDECLARED_SELECTOR = YES;
				GCC_WARN_UNINITIALIZED_AUTOS = YES_AGGRESSIVE;
				GCC_WARN_UNUSED_FUNCTION = YES;
				GCC_WARN_UNUSED_VARIABLE = YES;
				IPHONEOS_DEPLOYMENT_TARGET = 17.4;
				LOCALIZATION_PREFERS_STRING_CATALOGS = YES;
				MTL_ENABLE_DEBUG_INFO = NO;
				MTL_FAST_MATH = YES;
				SDKROOT = iphoneos;
				SWIFT_COMPILATION_MODE = wholemodule;
				VALIDATE_PRODUCT = YES;
			};
			name = Release;
		};
		59F5A8032C10C029009051FE /* Debug */ = {
			isa = XCBuildConfiguration;
			buildSettings = {
				ALWAYS_EMBED_SWIFT_STANDARD_LIBRARIES = YES;
				ASSETCATALOG_COMPILER_APPICON_NAME = AppIcon;
				ASSETCATALOG_COMPILER_GLOBAL_ACCENT_COLOR_NAME = AccentColor;
				CODE_SIGN_STYLE = Automatic;
				CURRENT_PROJECT_VERSION = 1;
				DEVELOPMENT_ASSET_PATHS = "\"WBChat/Preview Content\"";
				DEVELOPMENT_TEAM = MG7VG49PJM;
				ENABLE_PREVIEWS = YES;
				GENERATE_INFOPLIST_FILE = YES;
				INFOPLIST_KEY_LSApplicationCategoryType = "public.app-category.social-networking";
				INFOPLIST_KEY_UIApplicationSceneManifest_Generation = YES;
				INFOPLIST_KEY_UIApplicationSupportsIndirectInputEvents = YES;
				INFOPLIST_KEY_UILaunchScreen_Generation = YES;
				INFOPLIST_KEY_UISupportedInterfaceOrientations = UIInterfaceOrientationPortrait;
				INFOPLIST_KEY_UISupportedInterfaceOrientations_iPad = "UIInterfaceOrientationLandscapeLeft UIInterfaceOrientationLandscapeRight UIInterfaceOrientationPortrait UIInterfaceOrientationPortraitUpsideDown";
				IPHONEOS_DEPLOYMENT_TARGET = 16.0;
				LD_RUNPATH_SEARCH_PATHS = (
					"$(inherited)",
					"@executable_path/Frameworks",
				);
				MARKETING_VERSION = 1.0;
				PRODUCT_BUNDLE_IDENTIFIER = com.qqew.WBChat;
				PRODUCT_NAME = "$(TARGET_NAME)";
				SWIFT_EMIT_LOC_STRINGS = YES;
				SWIFT_VERSION = 5.0;
				TARGETED_DEVICE_FAMILY = "1,2";
			};
			name = Debug;
		};
		59F5A8042C10C029009051FE /* Release */ = {
			isa = XCBuildConfiguration;
			buildSettings = {
				ALWAYS_EMBED_SWIFT_STANDARD_LIBRARIES = YES;
				ASSETCATALOG_COMPILER_APPICON_NAME = AppIcon;
				ASSETCATALOG_COMPILER_GLOBAL_ACCENT_COLOR_NAME = AccentColor;
				CODE_SIGN_STYLE = Automatic;
				CURRENT_PROJECT_VERSION = 1;
				DEVELOPMENT_ASSET_PATHS = "\"WBChat/Preview Content\"";
				DEVELOPMENT_TEAM = MG7VG49PJM;
				ENABLE_PREVIEWS = YES;
				GENERATE_INFOPLIST_FILE = YES;
				INFOPLIST_KEY_LSApplicationCategoryType = "public.app-category.social-networking";
				INFOPLIST_KEY_UIApplicationSceneManifest_Generation = YES;
				INFOPLIST_KEY_UIApplicationSupportsIndirectInputEvents = YES;
				INFOPLIST_KEY_UILaunchScreen_Generation = YES;
				INFOPLIST_KEY_UISupportedInterfaceOrientations = UIInterfaceOrientationPortrait;
				INFOPLIST_KEY_UISupportedInterfaceOrientations_iPad = "UIInterfaceOrientationLandscapeLeft UIInterfaceOrientationLandscapeRight UIInterfaceOrientationPortrait UIInterfaceOrientationPortraitUpsideDown";
				IPHONEOS_DEPLOYMENT_TARGET = 16.0;
				LD_RUNPATH_SEARCH_PATHS = (
					"$(inherited)",
					"@executable_path/Frameworks",
				);
				MARKETING_VERSION = 1.0;
				PRODUCT_BUNDLE_IDENTIFIER = com.qqew.WBChat;
				PRODUCT_NAME = "$(TARGET_NAME)";
				SWIFT_EMIT_LOC_STRINGS = YES;
				SWIFT_VERSION = 5.0;
				TARGETED_DEVICE_FAMILY = "1,2";
			};
			name = Release;
		};
/* End XCBuildConfiguration section */

/* Begin XCConfigurationList section */
		59E3EB972C220A3E00897E6D /* Build configuration list for PBXNativeTarget "CoffeeCounterExtension" */ = {
			isa = XCConfigurationList;
			buildConfigurations = (
				59E3EB952C220A3E00897E6D /* Debug */,
				59E3EB962C220A3E00897E6D /* Release */,
			);
			defaultConfigurationIsVisible = 0;
			defaultConfigurationName = Release;
		};
		59F5A7EF2C10C027009051FE /* Build configuration list for PBXProject "WBChat" */ = {
			isa = XCConfigurationList;
			buildConfigurations = (
				59F5A8002C10C029009051FE /* Debug */,
				59F5A8012C10C029009051FE /* Release */,
			);
			defaultConfigurationIsVisible = 0;
			defaultConfigurationName = Release;
		};
		59F5A8022C10C029009051FE /* Build configuration list for PBXNativeTarget "WBChat" */ = {
			isa = XCConfigurationList;
			buildConfigurations = (
				59F5A8032C10C029009051FE /* Debug */,
				59F5A8042C10C029009051FE /* Release */,
			);
			defaultConfigurationIsVisible = 0;
			defaultConfigurationName = Release;
		};
/* End XCConfigurationList section */
	};
	rootObject = 59F5A7EC2C10C027009051FE /* Project object */;
}
