// !$*UTF8*$!
{
	archiveVersion = 1;
	classes = {
	};
	objectVersion = 56;
	objects = {

/* Begin PBXBuildFile section */
		591E5A572C18D46A00B73DAC /* Router.swift in Sources */ = {isa = PBXBuildFile; fileRef = 591E5A562C18D46A00B73DAC /* Router.swift */; };
		59201D792C3488FA00581E7B /* PhoneInputView.swift in Sources */ = {isa = PBXBuildFile; fileRef = 59201D782C3488FA00581E7B /* PhoneInputView.swift */; };
		59201D7B2C3489AD00581E7B /* TextBlockView.swift in Sources */ = {isa = PBXBuildFile; fileRef = 59201D7A2C3489AD00581E7B /* TextBlockView.swift */; };
		59201D7D2C348B8B00581E7B /* PhoneInput_PhoneCode.swift in Sources */ = {isa = PBXBuildFile; fileRef = 59201D7C2C348B8B00581E7B /* PhoneInput_PhoneCode.swift */; };
		59201D7F2C348CF300581E7B /* PhoneInput_PhoneNumber.swift in Sources */ = {isa = PBXBuildFile; fileRef = 59201D7E2C348CF300581E7B /* PhoneInput_PhoneNumber.swift */; };
		59201D812C348DA700581E7B /* NavigationBackButton.swift in Sources */ = {isa = PBXBuildFile; fileRef = 59201D802C348DA700581E7B /* NavigationBackButton.swift */; };
		594577592C349F9300ED7066 /* Country.swift in Sources */ = {isa = PBXBuildFile; fileRef = 594577582C349F9300ED7066 /* Country.swift */; };
		5945775C2C35A4A800ED7066 /* PhoneInput_PhoneCodeMenu.swift in Sources */ = {isa = PBXBuildFile; fileRef = 5945775B2C35A4A800ED7066 /* PhoneInput_PhoneCodeMenu.swift */; };
		5945775E2C35B2BD00ED7066 /* AppLocalization.xcstrings in Resources */ = {isa = PBXBuildFile; fileRef = 5945775D2C35B2BD00ED7066 /* AppLocalization.xcstrings */; };
		594577602C35C09300ED7066 /* Localization.swift in Sources */ = {isa = PBXBuildFile; fileRef = 5945775F2C35C09300ED7066 /* Localization.swift */; };
		594577632C35C6D000ED7066 /* PlainTextButton.swift in Sources */ = {isa = PBXBuildFile; fileRef = 594577622C35C6D000ED7066 /* PlainTextButton.swift */; };
		594577652C35DDF100ED7066 /* Extension+View.swift in Sources */ = {isa = PBXBuildFile; fileRef = 594577642C35DDF100ED7066 /* Extension+View.swift */; };
		594577692C35E2CB00ED7066 /* LoadingProgress.swift in Sources */ = {isa = PBXBuildFile; fileRef = 594577682C35E2CB00ED7066 /* LoadingProgress.swift */; };
		5950BBDA2C39C50F005D218E /* CodeVerificationView.swift in Sources */ = {isa = PBXBuildFile; fileRef = 5950BBD92C39C50F005D218E /* CodeVerificationView.swift */; };
		598AEC772C3C5FF00091EA51 /* CodeVerificationView_CodeField.swift in Sources */ = {isa = PBXBuildFile; fileRef = 598AEC762C3C5FF00091EA51 /* CodeVerificationView_CodeField.swift */; };
		598AEC792C3C63D70091EA51 /* CodeVerificationView_CodeView.swift in Sources */ = {isa = PBXBuildFile; fileRef = 598AEC782C3C63D70091EA51 /* CodeVerificationView_CodeView.swift */; };
		599897DB2C19F3BF00950A68 /* StartPointViewController.swift in Sources */ = {isa = PBXBuildFile; fileRef = 599897DA2C19F3BF00950A68 /* StartPointViewController.swift */; };
		599897DD2C19F3F100950A68 /* DestinationViewController.swift in Sources */ = {isa = PBXBuildFile; fileRef = 599897DC2C19F3F100950A68 /* DestinationViewController.swift */; };
		599897DF2C19F43500950A68 /* RectangleAnimator.swift in Sources */ = {isa = PBXBuildFile; fileRef = 599897DE2C19F43500950A68 /* RectangleAnimator.swift */; };
		59AFB3072C1891A80071CE2B /* CustomTabView.swift in Sources */ = {isa = PBXBuildFile; fileRef = 59AFB3062C1891A80071CE2B /* CustomTabView.swift */; };
		59AFB30C2C189BBD0071CE2B /* CustomTabView_TabItem.swift in Sources */ = {isa = PBXBuildFile; fileRef = 59AFB30B2C189BBD0071CE2B /* CustomTabView_TabItem.swift */; };
		59E579472C17265E00641B7A /* ContactDetailView_UserAvatar.swift in Sources */ = {isa = PBXBuildFile; fileRef = 59E579462C17265E00641B7A /* ContactDetailView_UserAvatar.swift */; };
		59E5794A2C173DC200641B7A /* Socials.swift in Sources */ = {isa = PBXBuildFile; fileRef = 59E579492C173DC200641B7A /* Socials.swift */; };
		59ED2D602C1E10B2007FC636 /* CustomSearchField.swift in Sources */ = {isa = PBXBuildFile; fileRef = 59ED2D5F2C1E10B2007FC636 /* CustomSearchField.swift */; };
		59F5A7F82C10C027009051FE /* WBChatApp.swift in Sources */ = {isa = PBXBuildFile; fileRef = 59F5A7F72C10C027009051FE /* WBChatApp.swift */; };
		59F5A7FA2C10C027009051FE /* OnboardingView.swift in Sources */ = {isa = PBXBuildFile; fileRef = 59F5A7F92C10C027009051FE /* OnboardingView.swift */; };
		59F5A7FC2C10C029009051FE /* Assets.xcassets in Resources */ = {isa = PBXBuildFile; fileRef = 59F5A7FB2C10C029009051FE /* Assets.xcassets */; };
		59F5A7FF2C10C029009051FE /* Preview Assets.xcassets in Resources */ = {isa = PBXBuildFile; fileRef = 59F5A7FE2C10C029009051FE /* Preview Assets.xcassets */; };
		59F5A8062C10C069009051FE /* OnboardingView_Sheet.swift in Sources */ = {isa = PBXBuildFile; fileRef = 59F5A8052C10C069009051FE /* OnboardingView_Sheet.swift */; };
		59F5A8092C10C082009051FE /* CapsuleButton.swift in Sources */ = {isa = PBXBuildFile; fileRef = 59F5A8082C10C082009051FE /* CapsuleButton.swift */; };
		59F5A80B2C10C08B009051FE /* ViewBackgroundColor.swift in Sources */ = {isa = PBXBuildFile; fileRef = 59F5A80A2C10C08B009051FE /* ViewBackgroundColor.swift */; };
		59F5A80E2C10C3F9009051FE /* Extension+VStack.swift in Sources */ = {isa = PBXBuildFile; fileRef = 59F5A80D2C10C3F9009051FE /* Extension+VStack.swift */; };
		59F5A8102C10C418009051FE /* Extension+HStack.swift in Sources */ = {isa = PBXBuildFile; fileRef = 59F5A80F2C10C418009051FE /* Extension+HStack.swift */; };
		59F5A8392C1367E0009051FE /* ContactsView.swift in Sources */ = {isa = PBXBuildFile; fileRef = 59F5A8382C1367E0009051FE /* ContactsView.swift */; };
		59F5A83B2C13682A009051FE /* ContactDetailView.swift in Sources */ = {isa = PBXBuildFile; fileRef = 59F5A83A2C13682A009051FE /* ContactDetailView.swift */; };
		59F5A8402C136E57009051FE /* Contact.swift in Sources */ = {isa = PBXBuildFile; fileRef = 59F5A83F2C136E57009051FE /* Contact.swift */; };
		59F5A8422C137450009051FE /* ContactsView_ContactRow.swift in Sources */ = {isa = PBXBuildFile; fileRef = 59F5A8412C137450009051FE /* ContactsView_ContactRow.swift */; };
		59F5A8442C137756009051FE /* ContactRow_UserAvatar.swift in Sources */ = {isa = PBXBuildFile; fileRef = 59F5A8432C137756009051FE /* ContactRow_UserAvatar.swift */; };
		59F5A85B2C14BB81009051FE /* Extension+String.swift in Sources */ = {isa = PBXBuildFile; fileRef = 59F5A85A2C14BB81009051FE /* Extension+String.swift */; };
/* End PBXBuildFile section */

/* Begin PBXFileReference section */
		591E5A562C18D46A00B73DAC /* Router.swift */ = {isa = PBXFileReference; lastKnownFileType = sourcecode.swift; path = Router.swift; sourceTree = "<group>"; };
		59201D782C3488FA00581E7B /* PhoneInputView.swift */ = {isa = PBXFileReference; lastKnownFileType = sourcecode.swift; path = PhoneInputView.swift; sourceTree = "<group>"; };
		59201D7A2C3489AD00581E7B /* TextBlockView.swift */ = {isa = PBXFileReference; lastKnownFileType = sourcecode.swift; path = TextBlockView.swift; sourceTree = "<group>"; };
		59201D7C2C348B8B00581E7B /* PhoneInput_PhoneCode.swift */ = {isa = PBXFileReference; lastKnownFileType = sourcecode.swift; path = PhoneInput_PhoneCode.swift; sourceTree = "<group>"; };
		59201D7E2C348CF300581E7B /* PhoneInput_PhoneNumber.swift */ = {isa = PBXFileReference; lastKnownFileType = sourcecode.swift; path = PhoneInput_PhoneNumber.swift; sourceTree = "<group>"; };
		59201D802C348DA700581E7B /* NavigationBackButton.swift */ = {isa = PBXFileReference; lastKnownFileType = sourcecode.swift; path = NavigationBackButton.swift; sourceTree = "<group>"; };
		594577582C349F9300ED7066 /* Country.swift */ = {isa = PBXFileReference; lastKnownFileType = sourcecode.swift; path = Country.swift; sourceTree = "<group>"; };
		5945775B2C35A4A800ED7066 /* PhoneInput_PhoneCodeMenu.swift */ = {isa = PBXFileReference; lastKnownFileType = sourcecode.swift; path = PhoneInput_PhoneCodeMenu.swift; sourceTree = "<group>"; };
		5945775D2C35B2BD00ED7066 /* AppLocalization.xcstrings */ = {isa = PBXFileReference; lastKnownFileType = text.json.xcstrings; path = AppLocalization.xcstrings; sourceTree = "<group>"; };
		5945775F2C35C09300ED7066 /* Localization.swift */ = {isa = PBXFileReference; lastKnownFileType = sourcecode.swift; path = Localization.swift; sourceTree = "<group>"; };
		594577622C35C6D000ED7066 /* PlainTextButton.swift */ = {isa = PBXFileReference; lastKnownFileType = sourcecode.swift; path = PlainTextButton.swift; sourceTree = "<group>"; };
		594577642C35DDF100ED7066 /* Extension+View.swift */ = {isa = PBXFileReference; lastKnownFileType = sourcecode.swift; path = "Extension+View.swift"; sourceTree = "<group>"; };
		594577682C35E2CB00ED7066 /* LoadingProgress.swift */ = {isa = PBXFileReference; lastKnownFileType = sourcecode.swift; path = LoadingProgress.swift; sourceTree = "<group>"; };
		5950BBD92C39C50F005D218E /* CodeVerificationView.swift */ = {isa = PBXFileReference; lastKnownFileType = sourcecode.swift; name = CodeVerificationView.swift; path = WBChat/CodeVerificationView.swift; sourceTree = SOURCE_ROOT; };
		598AEC762C3C5FF00091EA51 /* CodeVerificationView_CodeField.swift */ = {isa = PBXFileReference; lastKnownFileType = sourcecode.swift; path = CodeVerificationView_CodeField.swift; sourceTree = "<group>"; };
		598AEC782C3C63D70091EA51 /* CodeVerificationView_CodeView.swift */ = {isa = PBXFileReference; lastKnownFileType = sourcecode.swift; path = CodeVerificationView_CodeView.swift; sourceTree = "<group>"; };
		599897DA2C19F3BF00950A68 /* StartPointViewController.swift */ = {isa = PBXFileReference; lastKnownFileType = sourcecode.swift; path = StartPointViewController.swift; sourceTree = "<group>"; };
		599897DC2C19F3F100950A68 /* DestinationViewController.swift */ = {isa = PBXFileReference; lastKnownFileType = sourcecode.swift; path = DestinationViewController.swift; sourceTree = "<group>"; };
		599897DE2C19F43500950A68 /* RectangleAnimator.swift */ = {isa = PBXFileReference; lastKnownFileType = sourcecode.swift; path = RectangleAnimator.swift; sourceTree = "<group>"; };
		59AFB3062C1891A80071CE2B /* CustomTabView.swift */ = {isa = PBXFileReference; lastKnownFileType = sourcecode.swift; path = CustomTabView.swift; sourceTree = "<group>"; };
		59AFB30B2C189BBD0071CE2B /* CustomTabView_TabItem.swift */ = {isa = PBXFileReference; lastKnownFileType = sourcecode.swift; path = CustomTabView_TabItem.swift; sourceTree = "<group>"; };
		59E579462C17265E00641B7A /* ContactDetailView_UserAvatar.swift */ = {isa = PBXFileReference; lastKnownFileType = sourcecode.swift; path = ContactDetailView_UserAvatar.swift; sourceTree = "<group>"; };
		59E579492C173DC200641B7A /* Socials.swift */ = {isa = PBXFileReference; lastKnownFileType = sourcecode.swift; path = Socials.swift; sourceTree = "<group>"; };
		59ED2D5F2C1E10B2007FC636 /* CustomSearchField.swift */ = {isa = PBXFileReference; lastKnownFileType = sourcecode.swift; path = CustomSearchField.swift; sourceTree = "<group>"; };
		59F5A7F42C10C027009051FE /* WBChat.app */ = {isa = PBXFileReference; explicitFileType = wrapper.application; includeInIndex = 0; path = WBChat.app; sourceTree = BUILT_PRODUCTS_DIR; };
		59F5A7F72C10C027009051FE /* WBChatApp.swift */ = {isa = PBXFileReference; lastKnownFileType = sourcecode.swift; path = WBChatApp.swift; sourceTree = "<group>"; };
		59F5A7F92C10C027009051FE /* OnboardingView.swift */ = {isa = PBXFileReference; lastKnownFileType = sourcecode.swift; path = OnboardingView.swift; sourceTree = "<group>"; };
		59F5A7FB2C10C029009051FE /* Assets.xcassets */ = {isa = PBXFileReference; lastKnownFileType = folder.assetcatalog; path = Assets.xcassets; sourceTree = "<group>"; };
		59F5A7FE2C10C029009051FE /* Preview Assets.xcassets */ = {isa = PBXFileReference; lastKnownFileType = folder.assetcatalog; path = "Preview Assets.xcassets"; sourceTree = "<group>"; };
		59F5A8052C10C069009051FE /* OnboardingView_Sheet.swift */ = {isa = PBXFileReference; lastKnownFileType = sourcecode.swift; path = OnboardingView_Sheet.swift; sourceTree = "<group>"; };
		59F5A8082C10C082009051FE /* CapsuleButton.swift */ = {isa = PBXFileReference; lastKnownFileType = sourcecode.swift; path = CapsuleButton.swift; sourceTree = "<group>"; };
		59F5A80A2C10C08B009051FE /* ViewBackgroundColor.swift */ = {isa = PBXFileReference; lastKnownFileType = sourcecode.swift; path = ViewBackgroundColor.swift; sourceTree = "<group>"; };
		59F5A80D2C10C3F9009051FE /* Extension+VStack.swift */ = {isa = PBXFileReference; lastKnownFileType = sourcecode.swift; path = "Extension+VStack.swift"; sourceTree = "<group>"; };
		59F5A80F2C10C418009051FE /* Extension+HStack.swift */ = {isa = PBXFileReference; lastKnownFileType = sourcecode.swift; path = "Extension+HStack.swift"; sourceTree = "<group>"; };
		59F5A8382C1367E0009051FE /* ContactsView.swift */ = {isa = PBXFileReference; lastKnownFileType = sourcecode.swift; path = ContactsView.swift; sourceTree = "<group>"; };
		59F5A83A2C13682A009051FE /* ContactDetailView.swift */ = {isa = PBXFileReference; lastKnownFileType = sourcecode.swift; path = ContactDetailView.swift; sourceTree = "<group>"; };
		59F5A83F2C136E57009051FE /* Contact.swift */ = {isa = PBXFileReference; lastKnownFileType = sourcecode.swift; path = Contact.swift; sourceTree = "<group>"; };
		59F5A8412C137450009051FE /* ContactsView_ContactRow.swift */ = {isa = PBXFileReference; lastKnownFileType = sourcecode.swift; path = ContactsView_ContactRow.swift; sourceTree = "<group>"; };
		59F5A8432C137756009051FE /* ContactRow_UserAvatar.swift */ = {isa = PBXFileReference; lastKnownFileType = sourcecode.swift; path = ContactRow_UserAvatar.swift; sourceTree = "<group>"; };
		59F5A85A2C14BB81009051FE /* Extension+String.swift */ = {isa = PBXFileReference; lastKnownFileType = sourcecode.swift; path = "Extension+String.swift"; sourceTree = "<group>"; };
/* End PBXFileReference section */

/* Begin PBXFrameworksBuildPhase section */
		59F5A7F12C10C027009051FE /* Frameworks */ = {
			isa = PBXFrameworksBuildPhase;
			buildActionMask = 2147483647;
			files = (
			);
			runOnlyForDeploymentPostprocessing = 0;
		};
/* End PBXFrameworksBuildPhase section */

/* Begin PBXGroup section */
		591E5A552C18D45400B73DAC /* Service */ = {
			isa = PBXGroup;
			children = (
				591E5A562C18D46A00B73DAC /* Router.swift */,
			);
			path = Service;
			sourceTree = "<group>";
		};
		59201D772C3488B100581E7B /* ДЗ-Анимации&Переходы */ = {
			isa = PBXGroup;
			children = (
				59201D782C3488FA00581E7B /* PhoneInputView.swift */,
				5945775B2C35A4A800ED7066 /* PhoneInput_PhoneCodeMenu.swift */,
				59201D7C2C348B8B00581E7B /* PhoneInput_PhoneCode.swift */,
				59201D7E2C348CF300581E7B /* PhoneInput_PhoneNumber.swift */,
				594577582C349F9300ED7066 /* Country.swift */,
			);
			path = "ДЗ-Анимации&Переходы";
			sourceTree = "<group>";
		};
		594577612C35C15B00ED7066 /* Localization */ = {
			isa = PBXGroup;
			children = (
				5945775D2C35B2BD00ED7066 /* AppLocalization.xcstrings */,
				5945775F2C35C09300ED7066 /* Localization.swift */,
			);
			path = Localization;
			sourceTree = "<group>";
		};
		599897D92C19F34200950A68 /* Дополнительно💻 */ = {
			isa = PBXGroup;
			children = (
				599897DA2C19F3BF00950A68 /* StartPointViewController.swift */,
				599897DC2C19F3F100950A68 /* DestinationViewController.swift */,
				599897DE2C19F43500950A68 /* RectangleAnimator.swift */,
			);
			path = "Дополнительно💻";
			sourceTree = "<group>";
		};
		59AFB3052C1890E90071CE2B /* TabView */ = {
			isa = PBXGroup;
			children = (
				59AFB3062C1891A80071CE2B /* CustomTabView.swift */,
				59AFB30B2C189BBD0071CE2B /* CustomTabView_TabItem.swift */,
			);
			path = TabView;
			sourceTree = "<group>";
		};
		59E3EBC92C23146C00897E6D /* ДЗ№2-NavigationAndRouting */ = {
			isa = PBXGroup;
			children = (
				59AFB3052C1890E90071CE2B /* TabView */,
				59F5A8372C13671F009051FE /* ContactsFlow */,
				59E579482C173D8100641B7A /* ContactDetailsFlow */,
				59F5A83D2C136B60009051FE /* Models */,
				591E5A552C18D45400B73DAC /* Service */,
			);
			path = "ДЗ№2-NavigationAndRouting";
			sourceTree = "<group>";
		};
		59E579482C173D8100641B7A /* ContactDetailsFlow */ = {
			isa = PBXGroup;
			children = (
				59F5A83A2C13682A009051FE /* ContactDetailView.swift */,
				59E579492C173DC200641B7A /* Socials.swift */,
				59E579462C17265E00641B7A /* ContactDetailView_UserAvatar.swift */,
			);
			path = ContactDetailsFlow;
			sourceTree = "<group>";
		};
		59F5A7EB2C10C027009051FE = {
			isa = PBXGroup;
			children = (
				59F5A7F62C10C027009051FE /* WBChat */,
				59F5A7F52C10C027009051FE /* Products */,
			);
			sourceTree = "<group>";
		};
		59F5A7F52C10C027009051FE /* Products */ = {
			isa = PBXGroup;
			children = (
				59F5A7F42C10C027009051FE /* WBChat.app */,
			);
			name = Products;
			sourceTree = "<group>";
		};
		59F5A7F62C10C027009051FE /* WBChat */ = {
			isa = PBXGroup;
			children = (
				59F5C60B2C399E270022D7F9 /* ДЗ-Collection&Sequence */,
				594577612C35C15B00ED7066 /* Localization */,
				59201D772C3488B100581E7B /* ДЗ-Анимации&Переходы */,
				599897D92C19F34200950A68 /* Дополнительно💻 */,
				59F5A7F72C10C027009051FE /* WBChatApp.swift */,
				59F5A8362C136711009051FE /* OnboardingFlow */,
				59E3EBC92C23146C00897E6D /* ДЗ№2-NavigationAndRouting */,
				59F5A8072C10C06E009051FE /* UIComponents */,
				59F5A80C2C10C3E5009051FE /* Extensions */,
				59F5A7FB2C10C029009051FE /* Assets.xcassets */,
				59F5A7FD2C10C029009051FE /* Preview Content */,
			);
			path = WBChat;
			sourceTree = "<group>";
		};
		59F5A7FD2C10C029009051FE /* Preview Content */ = {
			isa = PBXGroup;
			children = (
				59F5A7FE2C10C029009051FE /* Preview Assets.xcassets */,
			);
			path = "Preview Content";
			sourceTree = "<group>";
		};
		59F5A8072C10C06E009051FE /* UIComponents */ = {
			isa = PBXGroup;
			children = (
				59F5A8082C10C082009051FE /* CapsuleButton.swift */,
				59F5A80A2C10C08B009051FE /* ViewBackgroundColor.swift */,
				59ED2D5F2C1E10B2007FC636 /* CustomSearchField.swift */,
				59201D7A2C3489AD00581E7B /* TextBlockView.swift */,
				59201D802C348DA700581E7B /* NavigationBackButton.swift */,
				594577622C35C6D000ED7066 /* PlainTextButton.swift */,
				594577682C35E2CB00ED7066 /* LoadingProgress.swift */,
			);
			path = UIComponents;
			sourceTree = "<group>";
		};
		59F5A80C2C10C3E5009051FE /* Extensions */ = {
			isa = PBXGroup;
			children = (
				59F5A80D2C10C3F9009051FE /* Extension+VStack.swift */,
				59F5A80F2C10C418009051FE /* Extension+HStack.swift */,
				59F5A85A2C14BB81009051FE /* Extension+String.swift */,
				594577642C35DDF100ED7066 /* Extension+View.swift */,
			);
			path = Extensions;
			sourceTree = "<group>";
		};
		59F5A8362C136711009051FE /* OnboardingFlow */ = {
			isa = PBXGroup;
			children = (
				59F5A7F92C10C027009051FE /* OnboardingView.swift */,
				59F5A8052C10C069009051FE /* OnboardingView_Sheet.swift */,
			);
			path = OnboardingFlow;
			sourceTree = "<group>";
		};
		59F5A8372C13671F009051FE /* ContactsFlow */ = {
			isa = PBXGroup;
			children = (
				59F5A8382C1367E0009051FE /* ContactsView.swift */,
				59F5A8412C137450009051FE /* ContactsView_ContactRow.swift */,
				59F5A8432C137756009051FE /* ContactRow_UserAvatar.swift */,
			);
			path = ContactsFlow;
			sourceTree = "<group>";
		};
		59F5A83D2C136B60009051FE /* Models */ = {
			isa = PBXGroup;
			children = (
				59F5A83F2C136E57009051FE /* Contact.swift */,
			);
			path = Models;
			sourceTree = "<group>";
		};
		59F5C60B2C399E270022D7F9 /* ДЗ-Collection&Sequence */ = {
			isa = PBXGroup;
			children = (
				5950BBD92C39C50F005D218E /* CodeVerificationView.swift */,
				598AEC762C3C5FF00091EA51 /* CodeVerificationView_CodeField.swift */,
				598AEC782C3C63D70091EA51 /* CodeVerificationView_CodeView.swift */,
			);
			path = "ДЗ-Collection&Sequence";
			sourceTree = "<group>";
		};
/* End PBXGroup section */

/* Begin PBXNativeTarget section */
		59F5A7F32C10C027009051FE /* WBChat */ = {
			isa = PBXNativeTarget;
			buildConfigurationList = 59F5A8022C10C029009051FE /* Build configuration list for PBXNativeTarget "WBChat" */;
			buildPhases = (
				59F5A7F02C10C027009051FE /* Sources */,
				59F5A7F12C10C027009051FE /* Frameworks */,
				59F5A7F22C10C027009051FE /* Resources */,
			);
			buildRules = (
			);
			dependencies = (
			);
			name = WBChat;
			productName = WBChat;
			productReference = 59F5A7F42C10C027009051FE /* WBChat.app */;
			productType = "com.apple.product-type.application";
		};
/* End PBXNativeTarget section */

/* Begin PBXProject section */
		59F5A7EC2C10C027009051FE /* Project object */ = {
			isa = PBXProject;
			attributes = {
				BuildIndependentTargetsInParallel = 1;
				LastSwiftUpdateCheck = 1530;
				LastUpgradeCheck = 1530;
				TargetAttributes = {
					59F5A7F32C10C027009051FE = {
						CreatedOnToolsVersion = 15.3;
					};
				};
			};
			buildConfigurationList = 59F5A7EF2C10C027009051FE /* Build configuration list for PBXProject "WBChat" */;
			compatibilityVersion = "Xcode 14.0";
			developmentRegion = en;
			hasScannedForEncodings = 0;
			knownRegions = (
				en,
				Base,
				ru,
				hy,
				kk,
			);
			mainGroup = 59F5A7EB2C10C027009051FE;
			productRefGroup = 59F5A7F52C10C027009051FE /* Products */;
			projectDirPath = "";
			projectRoot = "";
			targets = (
				59F5A7F32C10C027009051FE /* WBChat */,
			);
		};
/* End PBXProject section */

/* Begin PBXResourcesBuildPhase section */
		59F5A7F22C10C027009051FE /* Resources */ = {
			isa = PBXResourcesBuildPhase;
			buildActionMask = 2147483647;
			files = (
				59F5A7FF2C10C029009051FE /* Preview Assets.xcassets in Resources */,
				5945775E2C35B2BD00ED7066 /* AppLocalization.xcstrings in Resources */,
				59F5A7FC2C10C029009051FE /* Assets.xcassets in Resources */,
			);
			runOnlyForDeploymentPostprocessing = 0;
		};
/* End PBXResourcesBuildPhase section */

/* Begin PBXSourcesBuildPhase section */
		59F5A7F02C10C027009051FE /* Sources */ = {
			isa = PBXSourcesBuildPhase;
			buildActionMask = 2147483647;
			files = (
				59F5A85B2C14BB81009051FE /* Extension+String.swift in Sources */,
				59F5A7FA2C10C027009051FE /* OnboardingView.swift in Sources */,
				594577632C35C6D000ED7066 /* PlainTextButton.swift in Sources */,
				59AFB30C2C189BBD0071CE2B /* CustomTabView_TabItem.swift in Sources */,
				59F5A80B2C10C08B009051FE /* ViewBackgroundColor.swift in Sources */,
				59201D812C348DA700581E7B /* NavigationBackButton.swift in Sources */,
				5950BBDA2C39C50F005D218E /* CodeVerificationView.swift in Sources */,
				59F5A8402C136E57009051FE /* Contact.swift in Sources */,
				59E579472C17265E00641B7A /* ContactDetailView_UserAvatar.swift in Sources */,
				591E5A572C18D46A00B73DAC /* Router.swift in Sources */,
				59ED2D602C1E10B2007FC636 /* CustomSearchField.swift in Sources */,
				59F5A8442C137756009051FE /* ContactRow_UserAvatar.swift in Sources */,
				59201D7F2C348CF300581E7B /* PhoneInput_PhoneNumber.swift in Sources */,
				59201D7B2C3489AD00581E7B /* TextBlockView.swift in Sources */,
				59F5A8102C10C418009051FE /* Extension+HStack.swift in Sources */,
				59F5A8062C10C069009051FE /* OnboardingView_Sheet.swift in Sources */,
				59F5A7F82C10C027009051FE /* WBChatApp.swift in Sources */,
				59F5A83B2C13682A009051FE /* ContactDetailView.swift in Sources */,
				59201D792C3488FA00581E7B /* PhoneInputView.swift in Sources */,
				594577652C35DDF100ED7066 /* Extension+View.swift in Sources */,
				59F5A8092C10C082009051FE /* CapsuleButton.swift in Sources */,
				59201D7D2C348B8B00581E7B /* PhoneInput_PhoneCode.swift in Sources */,
				59AFB3072C1891A80071CE2B /* CustomTabView.swift in Sources */,
				5945775C2C35A4A800ED7066 /* PhoneInput_PhoneCodeMenu.swift in Sources */,
				598AEC792C3C63D70091EA51 /* CodeVerificationView_CodeView.swift in Sources */,
				599897DF2C19F43500950A68 /* RectangleAnimator.swift in Sources */,
				59F5A8422C137450009051FE /* ContactsView_ContactRow.swift in Sources */,
				599897DB2C19F3BF00950A68 /* StartPointViewController.swift in Sources */,
				59E5794A2C173DC200641B7A /* Socials.swift in Sources */,
				59F5A80E2C10C3F9009051FE /* Extension+VStack.swift in Sources */,
				594577602C35C09300ED7066 /* Localization.swift in Sources */,
				59F5A8392C1367E0009051FE /* ContactsView.swift in Sources */,
				598AEC772C3C5FF00091EA51 /* CodeVerificationView_CodeField.swift in Sources */,
				594577592C349F9300ED7066 /* Country.swift in Sources */,
				599897DD2C19F3F100950A68 /* DestinationViewController.swift in Sources */,
				594577692C35E2CB00ED7066 /* LoadingProgress.swift in Sources */,
			);
			runOnlyForDeploymentPostprocessing = 0;
		};
/* End PBXSourcesBuildPhase section */

/* Begin XCBuildConfiguration section */
		59F5A8002C10C029009051FE /* Debug */ = {
			isa = XCBuildConfiguration;
			buildSettings = {
				ALWAYS_SEARCH_USER_PATHS = NO;
				ASSETCATALOG_COMPILER_GENERATE_SWIFT_ASSET_SYMBOL_EXTENSIONS = YES;
				CLANG_ANALYZER_NONNULL = YES;
				CLANG_ANALYZER_NUMBER_OBJECT_CONVERSION = YES_AGGRESSIVE;
				CLANG_CXX_LANGUAGE_STANDARD = "gnu++20";
				CLANG_ENABLE_MODULES = YES;
				CLANG_ENABLE_OBJC_ARC = YES;
				CLANG_ENABLE_OBJC_WEAK = YES;
				CLANG_WARN_BLOCK_CAPTURE_AUTORELEASING = YES;
				CLANG_WARN_BOOL_CONVERSION = YES;
				CLANG_WARN_COMMA = YES;
				CLANG_WARN_CONSTANT_CONVERSION = YES;
				CLANG_WARN_DEPRECATED_OBJC_IMPLEMENTATIONS = YES;
				CLANG_WARN_DIRECT_OBJC_ISA_USAGE = YES_ERROR;
				CLANG_WARN_DOCUMENTATION_COMMENTS = YES;
				CLANG_WARN_EMPTY_BODY = YES;
				CLANG_WARN_ENUM_CONVERSION = YES;
				CLANG_WARN_INFINITE_RECURSION = YES;
				CLANG_WARN_INT_CONVERSION = YES;
				CLANG_WARN_NON_LITERAL_NULL_CONVERSION = YES;
				CLANG_WARN_OBJC_IMPLICIT_RETAIN_SELF = YES;
				CLANG_WARN_OBJC_LITERAL_CONVERSION = YES;
				CLANG_WARN_OBJC_ROOT_CLASS = YES_ERROR;
				CLANG_WARN_QUOTED_INCLUDE_IN_FRAMEWORK_HEADER = YES;
				CLANG_WARN_RANGE_LOOP_ANALYSIS = YES;
				CLANG_WARN_STRICT_PROTOTYPES = YES;
				CLANG_WARN_SUSPICIOUS_MOVE = YES;
				CLANG_WARN_UNGUARDED_AVAILABILITY = YES_AGGRESSIVE;
				CLANG_WARN_UNREACHABLE_CODE = YES;
				CLANG_WARN__DUPLICATE_METHOD_MATCH = YES;
				COPY_PHASE_STRIP = NO;
				DEBUG_INFORMATION_FORMAT = dwarf;
				ENABLE_STRICT_OBJC_MSGSEND = YES;
				ENABLE_TESTABILITY = YES;
				ENABLE_USER_SCRIPT_SANDBOXING = YES;
				GCC_C_LANGUAGE_STANDARD = gnu17;
				GCC_DYNAMIC_NO_PIC = NO;
				GCC_NO_COMMON_BLOCKS = YES;
				GCC_OPTIMIZATION_LEVEL = 0;
				GCC_PREPROCESSOR_DEFINITIONS = (
					"DEBUG=1",
					"$(inherited)",
				);
				GCC_WARN_64_TO_32_BIT_CONVERSION = YES;
				GCC_WARN_ABOUT_RETURN_TYPE = YES_ERROR;
				GCC_WARN_UNDECLARED_SELECTOR = YES;
				GCC_WARN_UNINITIALIZED_AUTOS = YES_AGGRESSIVE;
				GCC_WARN_UNUSED_FUNCTION = YES;
				GCC_WARN_UNUSED_VARIABLE = YES;
				IPHONEOS_DEPLOYMENT_TARGET = 17.4;
				LOCALIZATION_PREFERS_STRING_CATALOGS = YES;
				MTL_ENABLE_DEBUG_INFO = INCLUDE_SOURCE;
				MTL_FAST_MATH = YES;
				ONLY_ACTIVE_ARCH = YES;
				SDKROOT = iphoneos;
				SWIFT_ACTIVE_COMPILATION_CONDITIONS = "DEBUG $(inherited)";
				SWIFT_OPTIMIZATION_LEVEL = "-Onone";
			};
			name = Debug;
		};
		59F5A8012C10C029009051FE /* Release */ = {
			isa = XCBuildConfiguration;
			buildSettings = {
				ALWAYS_SEARCH_USER_PATHS = NO;
				ASSETCATALOG_COMPILER_GENERATE_SWIFT_ASSET_SYMBOL_EXTENSIONS = YES;
				CLANG_ANALYZER_NONNULL = YES;
				CLANG_ANALYZER_NUMBER_OBJECT_CONVERSION = YES_AGGRESSIVE;
				CLANG_CXX_LANGUAGE_STANDARD = "gnu++20";
				CLANG_ENABLE_MODULES = YES;
				CLANG_ENABLE_OBJC_ARC = YES;
				CLANG_ENABLE_OBJC_WEAK = YES;
				CLANG_WARN_BLOCK_CAPTURE_AUTORELEASING = YES;
				CLANG_WARN_BOOL_CONVERSION = YES;
				CLANG_WARN_COMMA = YES;
				CLANG_WARN_CONSTANT_CONVERSION = YES;
				CLANG_WARN_DEPRECATED_OBJC_IMPLEMENTATIONS = YES;
				CLANG_WARN_DIRECT_OBJC_ISA_USAGE = YES_ERROR;
				CLANG_WARN_DOCUMENTATION_COMMENTS = YES;
				CLANG_WARN_EMPTY_BODY = YES;
				CLANG_WARN_ENUM_CONVERSION = YES;
				CLANG_WARN_INFINITE_RECURSION = YES;
				CLANG_WARN_INT_CONVERSION = YES;
				CLANG_WARN_NON_LITERAL_NULL_CONVERSION = YES;
				CLANG_WARN_OBJC_IMPLICIT_RETAIN_SELF = YES;
				CLANG_WARN_OBJC_LITERAL_CONVERSION = YES;
				CLANG_WARN_OBJC_ROOT_CLASS = YES_ERROR;
				CLANG_WARN_QUOTED_INCLUDE_IN_FRAMEWORK_HEADER = YES;
				CLANG_WARN_RANGE_LOOP_ANALYSIS = YES;
				CLANG_WARN_STRICT_PROTOTYPES = YES;
				CLANG_WARN_SUSPICIOUS_MOVE = YES;
				CLANG_WARN_UNGUARDED_AVAILABILITY = YES_AGGRESSIVE;
				CLANG_WARN_UNREACHABLE_CODE = YES;
				CLANG_WARN__DUPLICATE_METHOD_MATCH = YES;
				COPY_PHASE_STRIP = NO;
				DEBUG_INFORMATION_FORMAT = "dwarf-with-dsym";
				ENABLE_NS_ASSERTIONS = NO;
				ENABLE_STRICT_OBJC_MSGSEND = YES;
				ENABLE_USER_SCRIPT_SANDBOXING = YES;
				GCC_C_LANGUAGE_STANDARD = gnu17;
				GCC_NO_COMMON_BLOCKS = YES;
				GCC_WARN_64_TO_32_BIT_CONVERSION = YES;
				GCC_WARN_ABOUT_RETURN_TYPE = YES_ERROR;
				GCC_WARN_UNDECLARED_SELECTOR = YES;
				GCC_WARN_UNINITIALIZED_AUTOS = YES_AGGRESSIVE;
				GCC_WARN_UNUSED_FUNCTION = YES;
				GCC_WARN_UNUSED_VARIABLE = YES;
				IPHONEOS_DEPLOYMENT_TARGET = 17.4;
				LOCALIZATION_PREFERS_STRING_CATALOGS = YES;
				MTL_ENABLE_DEBUG_INFO = NO;
				MTL_FAST_MATH = YES;
				SDKROOT = iphoneos;
				SWIFT_COMPILATION_MODE = wholemodule;
				VALIDATE_PRODUCT = YES;
			};
			name = Release;
		};
		59F5A8032C10C029009051FE /* Debug */ = {
			isa = XCBuildConfiguration;
			buildSettings = {
				ASSETCATALOG_COMPILER_APPICON_NAME = AppIcon;
				ASSETCATALOG_COMPILER_GLOBAL_ACCENT_COLOR_NAME = AccentColor;
				CODE_SIGN_STYLE = Automatic;
				CURRENT_PROJECT_VERSION = 1;
				DEVELOPMENT_ASSET_PATHS = "\"WBChat/Preview Content\"";
				DEVELOPMENT_TEAM = MG7VG49PJM;
				ENABLE_PREVIEWS = YES;
				GENERATE_INFOPLIST_FILE = YES;
				INFOPLIST_KEY_LSApplicationCategoryType = "public.app-category.social-networking";
				INFOPLIST_KEY_UIApplicationSceneManifest_Generation = YES;
				INFOPLIST_KEY_UIApplicationSupportsIndirectInputEvents = YES;
				INFOPLIST_KEY_UILaunchScreen_Generation = YES;
				INFOPLIST_KEY_UISupportedInterfaceOrientations = UIInterfaceOrientationPortrait;
				INFOPLIST_KEY_UISupportedInterfaceOrientations_iPad = "UIInterfaceOrientationLandscapeLeft UIInterfaceOrientationLandscapeRight UIInterfaceOrientationPortrait UIInterfaceOrientationPortraitUpsideDown";
				IPHONEOS_DEPLOYMENT_TARGET = 16.0;
				LD_RUNPATH_SEARCH_PATHS = (
					"$(inherited)",
					"@executable_path/Frameworks",
				);
				MARKETING_VERSION = 1.0;
				PRODUCT_BUNDLE_IDENTIFIER = com.qqew.WBChat;
				PRODUCT_NAME = "$(TARGET_NAME)";
				SWIFT_EMIT_LOC_STRINGS = YES;
				SWIFT_VERSION = 5.0;
				TARGETED_DEVICE_FAMILY = "1,2";
			};
			name = Debug;
		};
		59F5A8042C10C029009051FE /* Release */ = {
			isa = XCBuildConfiguration;
			buildSettings = {
				ASSETCATALOG_COMPILER_APPICON_NAME = AppIcon;
				ASSETCATALOG_COMPILER_GLOBAL_ACCENT_COLOR_NAME = AccentColor;
				CODE_SIGN_STYLE = Automatic;
				CURRENT_PROJECT_VERSION = 1;
				DEVELOPMENT_ASSET_PATHS = "\"WBChat/Preview Content\"";
				DEVELOPMENT_TEAM = MG7VG49PJM;
				ENABLE_PREVIEWS = YES;
				GENERATE_INFOPLIST_FILE = YES;
				INFOPLIST_KEY_LSApplicationCategoryType = "public.app-category.social-networking";
				INFOPLIST_KEY_UIApplicationSceneManifest_Generation = YES;
				INFOPLIST_KEY_UIApplicationSupportsIndirectInputEvents = YES;
				INFOPLIST_KEY_UILaunchScreen_Generation = YES;
				INFOPLIST_KEY_UISupportedInterfaceOrientations = UIInterfaceOrientationPortrait;
				INFOPLIST_KEY_UISupportedInterfaceOrientations_iPad = "UIInterfaceOrientationLandscapeLeft UIInterfaceOrientationLandscapeRight UIInterfaceOrientationPortrait UIInterfaceOrientationPortraitUpsideDown";
				IPHONEOS_DEPLOYMENT_TARGET = 16.0;
				LD_RUNPATH_SEARCH_PATHS = (
					"$(inherited)",
					"@executable_path/Frameworks",
				);
				MARKETING_VERSION = 1.0;
				PRODUCT_BUNDLE_IDENTIFIER = com.qqew.WBChat;
				PRODUCT_NAME = "$(TARGET_NAME)";
				SWIFT_EMIT_LOC_STRINGS = YES;
				SWIFT_VERSION = 5.0;
				TARGETED_DEVICE_FAMILY = "1,2";
			};
			name = Release;
		};
/* End XCBuildConfiguration section */

/* Begin XCConfigurationList section */
		59F5A7EF2C10C027009051FE /* Build configuration list for PBXProject "WBChat" */ = {
			isa = XCConfigurationList;
			buildConfigurations = (
				59F5A8002C10C029009051FE /* Debug */,
				59F5A8012C10C029009051FE /* Release */,
			);
			defaultConfigurationIsVisible = 0;
			defaultConfigurationName = Release;
		};
		59F5A8022C10C029009051FE /* Build configuration list for PBXNativeTarget "WBChat" */ = {
			isa = XCConfigurationList;
			buildConfigurations = (
				59F5A8032C10C029009051FE /* Debug */,
				59F5A8042C10C029009051FE /* Release */,
			);
			defaultConfigurationIsVisible = 0;
			defaultConfigurationName = Release;
		};
/* End XCConfigurationList section */
	};
	rootObject = 59F5A7EC2C10C027009051FE /* Project object */;
}
